
Microsoft Visual Studio Solution File, Format Version 12.00
# Visual Studio Version 16
VisualStudioVersion = 16.0.29409.12
MinimumVisualStudioVersion = 15.0.26124.0
Project("{9A19103F-16F7-4668-BE54-9A1E7A4F7556}") = "MarketData", "src\MarketData.csproj", "{702BD5DC-DEA6-4DE4-ABFD-80A97880916B}"
EndProject
Global
	GlobalSection(SolutionConfigurationPlatforms) = preSolution
		Debug|Any CPU = Debug|Any CPU
		Release|Any CPU = Release|Any CPU
	EndGlobalSection
	GlobalSection(ProjectConfigurationPlatforms) = postSolution
		{702BD5DC-DEA6-4DE4-ABFD-80A97880916B}.Debug|Any CPU.ActiveCfg = Debug|Any CPU
		{702BD5DC-DEA6-4DE4-ABFD-80A97880916B}.Debug|Any CPU.Build.0 = Debug|Any CPU
		{702BD5DC-DEA6-4DE4-ABFD-80A97880916B}.Release|Any CPU.ActiveCfg = Release|Any CPU
		{702BD5DC-DEA6-4DE4-ABFD-80A97880916B}.Release|Any CPU.Build.0 = Release|Any CPU
	EndGlobalSection
	GlobalSection(SolutionProperties) = preSolution
		HideSolutionNode = FALSE
	EndGlobalSection
	GlobalSection(ExtensibilityGlobals) = postSolution
		SolutionGuid = {C4C34E53-9B99-4638-9FA9-33CB8D5EC1F1}
	EndGlobalSection
EndGlobal
